
Microsoft Visual Studio Solution File, Format Version 12.00
# Visual Studio 15
VisualStudioVersion = 15.0.27428.2015
MinimumVisualStudioVersion = 10.0.40219.1
Project("{FAE04EC0-301F-11D3-BF4B-00C04F79EFBC}") = "GoogleHelper", "GooglePR\GoogleHelper.csproj", "{D43FDADC-9CF4-4A34-8EE0-5AA4048BC9A9}"
EndProject
Project("{FAE04EC0-301F-11D3-BF4B-00C04F79EFBC}") = "GooglePageRanking", "WebApplication2\GooglePageRanking.csproj", "{9481D4A4-629A-4953-87C6-429A30FAA1ED}"
EndProject
Global
	GlobalSection(SolutionConfigurationPlatforms) = preSolution
		Debug|Any CPU = Debug|Any CPU
		Release|Any CPU = Release|Any CPU
	EndGlobalSection
	GlobalSection(ProjectConfigurationPlatforms) = postSolution
		{D43FDADC-9CF4-4A34-8EE0-5AA4048BC9A9}.Debug|Any CPU.ActiveCfg = Debug|Any CPU
		{D43FDADC-9CF4-4A34-8EE0-5AA4048BC9A9}.Debug|Any CPU.Build.0 = Debug|Any CPU
		{D43FDADC-9CF4-4A34-8EE0-5AA4048BC9A9}.Release|Any CPU.ActiveCfg = Release|Any CPU
		{D43FDADC-9CF4-4A34-8EE0-5AA4048BC9A9}.Release|Any CPU.Build.0 = Release|Any CPU
		{9481D4A4-629A-4953-87C6-429A30FAA1ED}.Debug|Any CPU.ActiveCfg = Debug|Any CPU
		{9481D4A4-629A-4953-87C6-429A30FAA1ED}.Debug|Any CPU.Build.0 = Debug|Any CPU
		{9481D4A4-629A-4953-87C6-429A30FAA1ED}.Release|Any CPU.ActiveCfg = Release|Any CPU
		{9481D4A4-629A-4953-87C6-429A30FAA1ED}.Release|Any CPU.Build.0 = Release|Any CPU
	EndGlobalSection
	GlobalSection(SolutionProperties) = preSolution
		HideSolutionNode = FALSE
	EndGlobalSection
	GlobalSection(ExtensibilityGlobals) = postSolution
		SolutionGuid = {A3D71FF9-9E2D-4D35-AC3D-908D968B4552}
	EndGlobalSection
EndGlobal
